
Microsoft Visual Studio Solution File, Format Version 12.00
# Visual Studio Version 16
VisualStudioVersion = 16.0.31729.503
MinimumVisualStudioVersion = 10.0.40219.1
Project("{FAE04EC0-301F-11D3-BF4B-00C04F79EFBC}") = "Stefania_Sanna_Week7", "Stefania_Sanna_Week7\Stefania_Sanna_Week7.csproj", "{CDDBAE1D-1032-4F2E-8CF8-84C65C949593}"
EndProject
Global
	GlobalSection(SolutionConfigurationPlatforms) = preSolution
		Debug|Any CPU = Debug|Any CPU
		Release|Any CPU = Release|Any CPU
	EndGlobalSection
	GlobalSection(ProjectConfigurationPlatforms) = postSolution
		{CDDBAE1D-1032-4F2E-8CF8-84C65C949593}.Debug|Any CPU.ActiveCfg = Debug|Any CPU
		{CDDBAE1D-1032-4F2E-8CF8-84C65C949593}.Debug|Any CPU.Build.0 = Debug|Any CPU
		{CDDBAE1D-1032-4F2E-8CF8-84C65C949593}.Release|Any CPU.ActiveCfg = Release|Any CPU
		{CDDBAE1D-1032-4F2E-8CF8-84C65C949593}.Release|Any CPU.Build.0 = Release|Any CPU
	EndGlobalSection
	GlobalSection(SolutionProperties) = preSolution
		HideSolutionNode = FALSE
	EndGlobalSection
	GlobalSection(ExtensibilityGlobals) = postSolution
		SolutionGuid = {3884A8C1-9C2F-480E-8996-8036642A68EE}
	EndGlobalSection
EndGlobal
